
Microsoft Visual Studio Solution File, Format Version 11.00
# Visual Studio 2010
Project("{FAE04EC0-301F-11D3-BF4B-00C04F79EFBC}") = "DIMU", "Assembly-CSharp.csproj", "{5AA36901-6341-302D-B2C7-DC4CC06FDECF}"
EndProject
Project("{FAE04EC0-301F-11D3-BF4B-00C04F79EFBC}") = "DIMU", "Assembly-CSharp-firstpass.csproj", "{51D7DDD4-2AF7-98B5-95BD-7F7BE9199E9C}"
EndProject
Project("{FAE04EC0-301F-11D3-BF4B-00C04F79EFBC}") = "DIMU", "Assembly-CSharp-Editor.csproj", "{17FC6A44-4926-A9A1-6DD5-4DBB6F8422EF}"
EndProject
Project("{FAE04EC0-301F-11D3-BF4B-00C04F79EFBC}") = "DIMU", "Assembly-CSharp-Editor-firstpass.csproj", "{3CC6045E-DFF7-808B-4C13-392DB9B35A36}"
EndProject
Global
	GlobalSection(SolutionConfigurationPlatforms) = preSolution
		Debug|Any CPU = Debug|Any CPU
		Release|Any CPU = Release|Any CPU
	EndGlobalSection
	GlobalSection(ProjectConfigurationPlatforms) = postSolution
		{5AA36901-6341-302D-B2C7-DC4CC06FDECF}.Debug|Any CPU.ActiveCfg = Debug|Any CPU
		{5AA36901-6341-302D-B2C7-DC4CC06FDECF}.Debug|Any CPU.Build.0 = Debug|Any CPU
		{5AA36901-6341-302D-B2C7-DC4CC06FDECF}.Release|Any CPU.ActiveCfg = Release|Any CPU
		{5AA36901-6341-302D-B2C7-DC4CC06FDECF}.Release|Any CPU.Build.0 = Release|Any CPU
		{51D7DDD4-2AF7-98B5-95BD-7F7BE9199E9C}.Debug|Any CPU.ActiveCfg = Debug|Any CPU
		{51D7DDD4-2AF7-98B5-95BD-7F7BE9199E9C}.Debug|Any CPU.Build.0 = Debug|Any CPU
		{51D7DDD4-2AF7-98B5-95BD-7F7BE9199E9C}.Release|Any CPU.ActiveCfg = Release|Any CPU
		{51D7DDD4-2AF7-98B5-95BD-7F7BE9199E9C}.Release|Any CPU.Build.0 = Release|Any CPU
		{17FC6A44-4926-A9A1-6DD5-4DBB6F8422EF}.Debug|Any CPU.ActiveCfg = Debug|Any CPU
		{17FC6A44-4926-A9A1-6DD5-4DBB6F8422EF}.Debug|Any CPU.Build.0 = Debug|Any CPU
		{17FC6A44-4926-A9A1-6DD5-4DBB6F8422EF}.Release|Any CPU.ActiveCfg = Release|Any CPU
		{17FC6A44-4926-A9A1-6DD5-4DBB6F8422EF}.Release|Any CPU.Build.0 = Release|Any CPU
		{3CC6045E-DFF7-808B-4C13-392DB9B35A36}.Debug|Any CPU.ActiveCfg = Debug|Any CPU
		{3CC6045E-DFF7-808B-4C13-392DB9B35A36}.Debug|Any CPU.Build.0 = Debug|Any CPU
		{3CC6045E-DFF7-808B-4C13-392DB9B35A36}.Release|Any CPU.ActiveCfg = Release|Any CPU
		{3CC6045E-DFF7-808B-4C13-392DB9B35A36}.Release|Any CPU.Build.0 = Release|Any CPU
	EndGlobalSection
	GlobalSection(SolutionProperties) = preSolution
		HideSolutionNode = FALSE
	EndGlobalSection
	GlobalSection(MonoDevelopProperties) = preSolution
		StartupItem = Assembly-CSharp.csproj
	EndGlobalSection
EndGlobal
